
Microsoft Visual Studio Solution File, Format Version 12.00
# Visual Studio Version 17
VisualStudioVersion = 17.4.33110.190
MinimumVisualStudioVersion = 10.0.40219.1
Project("{8BC9CEB8-8B4A-11D0-8D11-00A0C91BC942}") = "1929. Concatenation of Array", "1929. Concatenation of Array\1929. Concatenation of Array.vcxproj", "{F0674AA9-1AF1-4278-9862-85499F816E8E}"
EndProject
Project("{8BC9CEB8-8B4A-11D0-8D11-00A0C91BC942}") = "2047. Number of Valid Words in a Sentence", "2047. Number of Valid Words in a Sentence\2047. Number of Valid Words in a Sentence.vcxproj", "{6053F2DB-B917-4F02-A604-46110CD3B054}"
EndProject
Project("{8BC9CEB8-8B4A-11D0-8D11-00A0C91BC942}") = "1920. Build Array from Permutation", "1920. Build Array from Permutation\1920. Build Array from Permutation.vcxproj", "{079D0031-4DE2-4D55-A84B-FAA0EC18AD7A}"
EndProject
Project("{8BC9CEB8-8B4A-11D0-8D11-00A0C91BC942}") = "1. Two Sum", "1. Two Sum\1. Two Sum.vcxproj", "{66F5E3C9-8883-4DC7-B587-337FB8FC5738}"
EndProject
Project("{8BC9CEB8-8B4A-11D0-8D11-00A0C91BC942}") = "2. Add Two Numbers", "2. Add Two Numbers\2. Add Two Numbers.vcxproj", "{5739FDF9-5D04-405B-9E4F-1676E01EF6F9}"
EndProject
Global
	GlobalSection(SolutionConfigurationPlatforms) = preSolution
		Debug|Any CPU = Debug|Any CPU
		Debug|x64 = Debug|x64
		Debug|x86 = Debug|x86
		Release|Any CPU = Release|Any CPU
		Release|x64 = Release|x64
		Release|x86 = Release|x86
	EndGlobalSection
	GlobalSection(ProjectConfigurationPlatforms) = postSolution
		{F0674AA9-1AF1-4278-9862-85499F816E8E}.Debug|Any CPU.ActiveCfg = Debug|x64
		{F0674AA9-1AF1-4278-9862-85499F816E8E}.Debug|Any CPU.Build.0 = Debug|x64
		{F0674AA9-1AF1-4278-9862-85499F816E8E}.Debug|x64.ActiveCfg = Debug|x64
		{F0674AA9-1AF1-4278-9862-85499F816E8E}.Debug|x64.Build.0 = Debug|x64
		{F0674AA9-1AF1-4278-9862-85499F816E8E}.Debug|x86.ActiveCfg = Debug|Win32
		{F0674AA9-1AF1-4278-9862-85499F816E8E}.Debug|x86.Build.0 = Debug|Win32
		{F0674AA9-1AF1-4278-9862-85499F816E8E}.Release|Any CPU.ActiveCfg = Release|x64
		{F0674AA9-1AF1-4278-9862-85499F816E8E}.Release|Any CPU.Build.0 = Release|x64
		{F0674AA9-1AF1-4278-9862-85499F816E8E}.Release|x64.ActiveCfg = Release|x64
		{F0674AA9-1AF1-4278-9862-85499F816E8E}.Release|x64.Build.0 = Release|x64
		{F0674AA9-1AF1-4278-9862-85499F816E8E}.Release|x86.ActiveCfg = Release|Win32
		{F0674AA9-1AF1-4278-9862-85499F816E8E}.Release|x86.Build.0 = Release|Win32
		{6053F2DB-B917-4F02-A604-46110CD3B054}.Debug|Any CPU.ActiveCfg = Debug|x64
		{6053F2DB-B917-4F02-A604-46110CD3B054}.Debug|Any CPU.Build.0 = Debug|x64
		{6053F2DB-B917-4F02-A604-46110CD3B054}.Debug|x64.ActiveCfg = Debug|x64
		{6053F2DB-B917-4F02-A604-46110CD3B054}.Debug|x64.Build.0 = Debug|x64
		{6053F2DB-B917-4F02-A604-46110CD3B054}.Debug|x86.ActiveCfg = Debug|Win32
		{6053F2DB-B917-4F02-A604-46110CD3B054}.Debug|x86.Build.0 = Debug|Win32
		{6053F2DB-B917-4F02-A604-46110CD3B054}.Release|Any CPU.ActiveCfg = Release|x64
		{6053F2DB-B917-4F02-A604-46110CD3B054}.Release|Any CPU.Build.0 = Release|x64
		{6053F2DB-B917-4F02-A604-46110CD3B054}.Release|x64.ActiveCfg = Release|x64
		{6053F2DB-B917-4F02-A604-46110CD3B054}.Release|x64.Build.0 = Release|x64
		{6053F2DB-B917-4F02-A604-46110CD3B054}.Release|x86.ActiveCfg = Release|Win32
		{6053F2DB-B917-4F02-A604-46110CD3B054}.Release|x86.Build.0 = Release|Win32
		{079D0031-4DE2-4D55-A84B-FAA0EC18AD7A}.Debug|Any CPU.ActiveCfg = Debug|x64
		{079D0031-4DE2-4D55-A84B-FAA0EC18AD7A}.Debug|Any CPU.Build.0 = Debug|x64
		{079D0031-4DE2-4D55-A84B-FAA0EC18AD7A}.Debug|x64.ActiveCfg = Debug|x64
		{079D0031-4DE2-4D55-A84B-FAA0EC18AD7A}.Debug|x64.Build.0 = Debug|x64
		{079D0031-4DE2-4D55-A84B-FAA0EC18AD7A}.Debug|x86.ActiveCfg = Debug|Win32
		{079D0031-4DE2-4D55-A84B-FAA0EC18AD7A}.Debug|x86.Build.0 = Debug|Win32
		{079D0031-4DE2-4D55-A84B-FAA0EC18AD7A}.Release|Any CPU.ActiveCfg = Release|x64
		{079D0031-4DE2-4D55-A84B-FAA0EC18AD7A}.Release|Any CPU.Build.0 = Release|x64
		{079D0031-4DE2-4D55-A84B-FAA0EC18AD7A}.Release|x64.ActiveCfg = Release|x64
		{079D0031-4DE2-4D55-A84B-FAA0EC18AD7A}.Release|x64.Build.0 = Release|x64
		{079D0031-4DE2-4D55-A84B-FAA0EC18AD7A}.Release|x86.ActiveCfg = Release|Win32
		{079D0031-4DE2-4D55-A84B-FAA0EC18AD7A}.Release|x86.Build.0 = Release|Win32
		{66F5E3C9-8883-4DC7-B587-337FB8FC5738}.Debug|Any CPU.ActiveCfg = Debug|x64
		{66F5E3C9-8883-4DC7-B587-337FB8FC5738}.Debug|Any CPU.Build.0 = Debug|x64
		{66F5E3C9-8883-4DC7-B587-337FB8FC5738}.Debug|x64.ActiveCfg = Debug|x64
		{66F5E3C9-8883-4DC7-B587-337FB8FC5738}.Debug|x64.Build.0 = Debug|x64
		{66F5E3C9-8883-4DC7-B587-337FB8FC5738}.Debug|x86.ActiveCfg = Debug|Win32
		{66F5E3C9-8883-4DC7-B587-337FB8FC5738}.Debug|x86.Build.0 = Debug|Win32
		{66F5E3C9-8883-4DC7-B587-337FB8FC5738}.Release|Any CPU.ActiveCfg = Release|x64
		{66F5E3C9-8883-4DC7-B587-337FB8FC5738}.Release|Any CPU.Build.0 = Release|x64
		{66F5E3C9-8883-4DC7-B587-337FB8FC5738}.Release|x64.ActiveCfg = Release|x64
		{66F5E3C9-8883-4DC7-B587-337FB8FC5738}.Release|x64.Build.0 = Release|x64
		{66F5E3C9-8883-4DC7-B587-337FB8FC5738}.Release|x86.ActiveCfg = Release|Win32
		{66F5E3C9-8883-4DC7-B587-337FB8FC5738}.Release|x86.Build.0 = Release|Win32
		{5739FDF9-5D04-405B-9E4F-1676E01EF6F9}.Debug|Any CPU.ActiveCfg = Debug|x64
		{5739FDF9-5D04-405B-9E4F-1676E01EF6F9}.Debug|Any CPU.Build.0 = Debug|x64
		{5739FDF9-5D04-405B-9E4F-1676E01EF6F9}.Debug|x64.ActiveCfg = Debug|x64
		{5739FDF9-5D04-405B-9E4F-1676E01EF6F9}.Debug|x64.Build.0 = Debug|x64
		{5739FDF9-5D04-405B-9E4F-1676E01EF6F9}.Debug|x86.ActiveCfg = Debug|Win32
		{5739FDF9-5D04-405B-9E4F-1676E01EF6F9}.Debug|x86.Build.0 = Debug|Win32
		{5739FDF9-5D04-405B-9E4F-1676E01EF6F9}.Release|Any CPU.ActiveCfg = Release|x64
		{5739FDF9-5D04-405B-9E4F-1676E01EF6F9}.Release|Any CPU.Build.0 = Release|x64
		{5739FDF9-5D04-405B-9E4F-1676E01EF6F9}.Release|x64.ActiveCfg = Release|x64
		{5739FDF9-5D04-405B-9E4F-1676E01EF6F9}.Release|x64.Build.0 = Release|x64
		{5739FDF9-5D04-405B-9E4F-1676E01EF6F9}.Release|x86.ActiveCfg = Release|Win32
		{5739FDF9-5D04-405B-9E4F-1676E01EF6F9}.Release|x86.Build.0 = Release|Win32
	EndGlobalSection
	GlobalSection(SolutionProperties) = preSolution
		HideSolutionNode = FALSE
	EndGlobalSection
	GlobalSection(ExtensibilityGlobals) = postSolution
		SolutionGuid = {4F9B9D2D-69D0-420C-88DB-0BAB80311792}
	EndGlobalSection
EndGlobal
