
Microsoft Visual Studio Solution File, Format Version 12.00
# Visual Studio Version 17
VisualStudioVersion = 17.4.33110.190
MinimumVisualStudioVersion = 10.0.40219.1
Project("{8BC9CEB8-8B4A-11D0-8D11-00A0C91BC942}") = "131. Palindrome Partitioning", "131. Palindrome Partitioning\131. Palindrome Partitioning.vcxproj", "{2E7ABA86-29FB-4301-AEDA-B9EE98F6FE52}"
EndProject
Project("{8BC9CEB8-8B4A-11D0-8D11-00A0C91BC942}") = "151. Reverse Words in a String (LeetCode 75)", "151. Reverse Words in a String (LeetCode 75)\151. Reverse Words in a String (LeetCode 75).vcxproj", "{5CC6FBA7-A5C9-4D44-8483-33B41A38C161}"
EndProject
Project("{8BC9CEB8-8B4A-11D0-8D11-00A0C91BC942}") = "80. Remove Duplicates from Sorted Array II", "80. Remove Duplicates from Sorted Array II\80. Remove Duplicates from Sorted Array II.vcxproj", "{A18BFC73-28AA-43B3-B9FD-5F4D13DEB9FE}"
EndProject
Project("{8BC9CEB8-8B4A-11D0-8D11-00A0C91BC942}") = "88. Merge Sorted Array", "88. Merge Sorted Array\88. Merge Sorted Array.vcxproj", "{28E9AA4A-DF63-4D27-A961-DA1479BDA3E9}"
EndProject
Global
	GlobalSection(SolutionConfigurationPlatforms) = preSolution
		Debug|x64 = Debug|x64
		Debug|x86 = Debug|x86
		Release|x64 = Release|x64
		Release|x86 = Release|x86
	EndGlobalSection
	GlobalSection(ProjectConfigurationPlatforms) = postSolution
		{2E7ABA86-29FB-4301-AEDA-B9EE98F6FE52}.Debug|x64.ActiveCfg = Debug|x64
		{2E7ABA86-29FB-4301-AEDA-B9EE98F6FE52}.Debug|x64.Build.0 = Debug|x64
		{2E7ABA86-29FB-4301-AEDA-B9EE98F6FE52}.Debug|x86.ActiveCfg = Debug|Win32
		{2E7ABA86-29FB-4301-AEDA-B9EE98F6FE52}.Debug|x86.Build.0 = Debug|Win32
		{2E7ABA86-29FB-4301-AEDA-B9EE98F6FE52}.Release|x64.ActiveCfg = Release|x64
		{2E7ABA86-29FB-4301-AEDA-B9EE98F6FE52}.Release|x64.Build.0 = Release|x64
		{2E7ABA86-29FB-4301-AEDA-B9EE98F6FE52}.Release|x86.ActiveCfg = Release|Win32
		{2E7ABA86-29FB-4301-AEDA-B9EE98F6FE52}.Release|x86.Build.0 = Release|Win32
		{5CC6FBA7-A5C9-4D44-8483-33B41A38C161}.Debug|x64.ActiveCfg = Debug|x64
		{5CC6FBA7-A5C9-4D44-8483-33B41A38C161}.Debug|x64.Build.0 = Debug|x64
		{5CC6FBA7-A5C9-4D44-8483-33B41A38C161}.Debug|x86.ActiveCfg = Debug|Win32
		{5CC6FBA7-A5C9-4D44-8483-33B41A38C161}.Debug|x86.Build.0 = Debug|Win32
		{5CC6FBA7-A5C9-4D44-8483-33B41A38C161}.Release|x64.ActiveCfg = Release|x64
		{5CC6FBA7-A5C9-4D44-8483-33B41A38C161}.Release|x64.Build.0 = Release|x64
		{5CC6FBA7-A5C9-4D44-8483-33B41A38C161}.Release|x86.ActiveCfg = Release|Win32
		{5CC6FBA7-A5C9-4D44-8483-33B41A38C161}.Release|x86.Build.0 = Release|Win32
		{A18BFC73-28AA-43B3-B9FD-5F4D13DEB9FE}.Debug|x64.ActiveCfg = Debug|x64
		{A18BFC73-28AA-43B3-B9FD-5F4D13DEB9FE}.Debug|x64.Build.0 = Debug|x64
		{A18BFC73-28AA-43B3-B9FD-5F4D13DEB9FE}.Debug|x86.ActiveCfg = Debug|Win32
		{A18BFC73-28AA-43B3-B9FD-5F4D13DEB9FE}.Debug|x86.Build.0 = Debug|Win32
		{A18BFC73-28AA-43B3-B9FD-5F4D13DEB9FE}.Release|x64.ActiveCfg = Release|x64
		{A18BFC73-28AA-43B3-B9FD-5F4D13DEB9FE}.Release|x64.Build.0 = Release|x64
		{A18BFC73-28AA-43B3-B9FD-5F4D13DEB9FE}.Release|x86.ActiveCfg = Release|Win32
		{A18BFC73-28AA-43B3-B9FD-5F4D13DEB9FE}.Release|x86.Build.0 = Release|Win32
		{28E9AA4A-DF63-4D27-A961-DA1479BDA3E9}.Debug|x64.ActiveCfg = Debug|x64
		{28E9AA4A-DF63-4D27-A961-DA1479BDA3E9}.Debug|x64.Build.0 = Debug|x64
		{28E9AA4A-DF63-4D27-A961-DA1479BDA3E9}.Debug|x86.ActiveCfg = Debug|Win32
		{28E9AA4A-DF63-4D27-A961-DA1479BDA3E9}.Debug|x86.Build.0 = Debug|Win32
		{28E9AA4A-DF63-4D27-A961-DA1479BDA3E9}.Release|x64.ActiveCfg = Release|x64
		{28E9AA4A-DF63-4D27-A961-DA1479BDA3E9}.Release|x64.Build.0 = Release|x64
		{28E9AA4A-DF63-4D27-A961-DA1479BDA3E9}.Release|x86.ActiveCfg = Release|Win32
		{28E9AA4A-DF63-4D27-A961-DA1479BDA3E9}.Release|x86.Build.0 = Release|Win32
	EndGlobalSection
	GlobalSection(SolutionProperties) = preSolution
		HideSolutionNode = FALSE
	EndGlobalSection
	GlobalSection(ExtensibilityGlobals) = postSolution
		SolutionGuid = {4F9B9D2D-69D0-420C-88DB-0BAB80311792}
	EndGlobalSection
EndGlobal
